// !$*UTF8*$!
{
	archiveVersion = 1;
	classes = {
	};
	objectVersion = 50;
	objects = {

/* Begin PBXBuildFile section */
		BF541C2B255B8F9C00AF2D60 /* AppDelegate.swift in Sources */ = {isa = PBXBuildFile; fileRef = BF541C2A255B8F9C00AF2D60 /* AppDelegate.swift */; };
		BF541C2D255B8F9C00AF2D60 /* SceneDelegate.swift in Sources */ = {isa = PBXBuildFile; fileRef = BF541C2C255B8F9C00AF2D60 /* SceneDelegate.swift */; };
		BF541C2F255B8F9C00AF2D60 /* ViewController.swift in Sources */ = {isa = PBXBuildFile; fileRef = BF541C2E255B8F9C00AF2D60 /* ViewController.swift */; };
		BF541C32255B8F9C00AF2D60 /* Main.storyboard in Resources */ = {isa = PBXBuildFile; fileRef = BF541C30255B8F9C00AF2D60 /* Main.storyboard */; };
		BF541C34255B8F9D00AF2D60 /* Assets.xcassets in Resources */ = {isa = PBXBuildFile; fileRef = BF541C33255B8F9D00AF2D60 /* Assets.xcassets */; };
		BF541C37255B8F9D00AF2D60 /* LaunchScreen.storyboard in Resources */ = {isa = PBXBuildFile; fileRef = BF541C35255B8F9D00AF2D60 /* LaunchScreen.storyboard */; };
/* End PBXBuildFile section */

/* Begin PBXFileReference section */
		BF541C27255B8F9C00AF2D60 /* kalkulator.app */ = {isa = PBXFileReference; explicitFileType = wrapper.application; includeInIndex = 0; path = kalkulator.app; sourceTree = BUILT_PRODUCTS_DIR; };
		BF541C2A255B8F9C00AF2D60 /* AppDelegate.swift */ = {isa = PBXFileReference; lastKnownFileType = sourcecode.swift; path = AppDelegate.swift; sourceTree = "<group>"; };
		BF541C2C255B8F9C00AF2D60 /* SceneDelegate.swift */ = {isa = PBXFileReference; lastKnownFileType = sourcecode.swift; path = SceneDelegate.swift; sourceTree = "<group>"; };
		BF541C2E255B8F9C00AF2D60 /* ViewController.swift */ = {isa = PBXFileReference; lastKnownFileType = sourcecode.swift; path = ViewController.swift; sourceTree = "<group>"; };
		BF541C31255B8F9C00AF2D60 /* Base */ = {isa = PBXFileReference; lastKnownFileType = file.storyboard; name = Base; path = Base.lproj/Main.storyboard; sourceTree = "<group>"; };
		BF541C33255B8F9D00AF2D60 /* Assets.xcassets */ = {isa = PBXFileReference; lastKnownFileType = folder.assetcatalog; path = Assets.xcassets; sourceTree = "<group>"; };
		BF541C36255B8F9D00AF2D60 /* Base */ = {isa = PBXFileReference; lastKnownFileType = file.storyboard; name = Base; path = Base.lproj/LaunchScreen.storyboard; sourceTree = "<group>"; };
		BF541C38255B8F9D00AF2D60 /* Info.plist */ = {isa = PBXFileReference; lastKnownFileType = text.plist.xml; path = Info.plist; sourceTree = "<group>"; };
/* End PBXFileReference section */

/* Begin PBXFrameworksBuildPhase section */
		BF541C24255B8F9C00AF2D60 /* Frameworks */ = {
			isa = PBXFrameworksBuildPhase;
			buildActionMask = 2147483647;
			files = (
			);
			runOnlyForDeploymentPostprocessing = 0;
		};
/* End PBXFrameworksBuildPhase section */

/* Begin PBXGroup section */
		BF541C1E255B8F9C00AF2D60 = {
			isa = PBXGroup;
			children = (
				BF541C29255B8F9C00AF2D60 /* kalkulator */,
				BF541C28255B8F9C00AF2D60 /* Products */,
			);
			sourceTree = "<group>";
		};
		BF541C28255B8F9C00AF2D60 /* Products */ = {
			isa = PBXGroup;
			children = (
				BF541C27255B8F9C00AF2D60 /* kalkulator.app */,
			);
			name = Products;
			sourceTree = "<group>";
		};
		BF541C29255B8F9C00AF2D60 /* kalkulator */ = {
			isa = PBXGroup;
			children = (
				BF541C2A255B8F9C00AF2D60 /* AppDelegate.swift */,
				BF541C2C255B8F9C00AF2D60 /* SceneDelegate.swift */,
				BF541C2E255B8F9C00AF2D60 /* ViewController.swift */,
				BF541C30255B8F9C00AF2D60 /* Main.storyboard */,
				BF541C33255B8F9D00AF2D60 /* Assets.xcassets */,
				BF541C35255B8F9D00AF2D60 /* LaunchScreen.storyboard */,
				BF541C38255B8F9D00AF2D60 /* Info.plist */,
			);
			path = kalkulator;
			sourceTree = "<group>";
		};
/* End PBXGroup section */

/* Begin PBXNativeTarget section */
		BF541C26255B8F9C00AF2D60 /* kalkulator */ = {
			isa = PBXNativeTarget;
			buildConfigurationList = BF541C3B255B8F9D00AF2D60 /* Build configuration list for PBXNativeTarget "kalkulator" */;
			buildPhases = (
				BF541C23255B8F9C00AF2D60 /* Sources */,
				BF541C24255B8F9C00AF2D60 /* Frameworks */,
				BF541C25255B8F9C00AF2D60 /* Resources */,
			);
			buildRules = (
			);
			dependencies = (
			);
			name = kalkulator;
			productName = kalkulator;
			productReference = BF541C27255B8F9C00AF2D60 /* kalkulator.app */;
			productType = "com.apple.product-type.application";
		};
/* End PBXNativeTarget section */

/* Begin PBXProject section */
		BF541C1F255B8F9C00AF2D60 /* Project object */ = {
			isa = PBXProject;
			attributes = {
				LastSwiftUpdateCheck = 1210;
				LastUpgradeCheck = 1210;
				TargetAttributes = {
					BF541C26255B8F9C00AF2D60 = {
						CreatedOnToolsVersion = 12.1;
					};
				};
			};
			buildConfigurationList = BF541C22255B8F9C00AF2D60 /* Build configuration list for PBXProject "kalkulator" */;
			compatibilityVersion = "Xcode 9.3";
			developmentRegion = en;
			hasScannedForEncodings = 0;
			knownRegions = (
				en,
				Base,
			);
			mainGroup = BF541C1E255B8F9C00AF2D60;
			productRefGroup = BF541C28255B8F9C00AF2D60 /* Products */;
			projectDirPath = "";
			projectRoot = "";
			targets = (
				BF541C26255B8F9C00AF2D60 /* kalkulator */,
			);
		};
/* End PBXProject section */

/* Begin PBXResourcesBuildPhase section */
		BF541C25255B8F9C00AF2D60 /* Resources */ = {
			isa = PBXResourcesBuildPhase;
			buildActionMask = 2147483647;
			files = (
				BF541C37255B8F9D00AF2D60 /* LaunchScreen.storyboard in Resources */,
				BF541C34255B8F9D00AF2D60 /* Assets.xcassets in Resources */,
				BF541C32255B8F9C00AF2D60 /* Main.storyboard in Resources */,
			);
			runOnlyForDeploymentPostprocessing = 0;
		};
/* End PBXResourcesBuildPhase section */

/* Begin PBXSourcesBuildPhase section */
		BF541C23255B8F9C00AF2D60 /* Sources */ = {
			isa = PBXSourcesBuildPhase;
			buildActionMask = 2147483647;
			files = (
				BF541C2F255B8F9C00AF2D60 /* ViewController.swift in Sources */,
				BF541C2B255B8F9C00AF2D60 /* AppDelegate.swift in Sources */,
				BF541C2D255B8F9C00AF2D60 /* SceneDelegate.swift in Sources */,
			);
			runOnlyForDeploymentPostprocessing = 0;
		};
/* End PBXSourcesBuildPhase section */

/* Begin PBXVariantGroup section */
		BF541C30255B8F9C00AF2D60 /* Main.storyboard */ = {
			isa = PBXVariantGroup;
			children = (
				BF541C31255B8F9C00AF2D60 /* Base */,
			);
			name = Main.storyboard;
			sourceTree = "<group>";
		};
		BF541C35255B8F9D00AF2D60 /* LaunchScreen.storyboard */ = {
			isa = PBXVariantGroup;
			children = (
				BF541C36255B8F9D00AF2D60 /* Base */,
			);
			name = LaunchScreen.storyboard;
			sourceTree = "<group>";
		};
/* End PBXVariantGroup section */

/* Begin XCBuildConfiguration section */
		BF541C39255B8F9D00AF2D60 /* Debug */ = {
			isa = XCBuildConfiguration;
			buildSettings = {
				ALWAYS_SEARCH_USER_PATHS = NO;
				CLANG_ANALYZER_NONNULL = YES;
				CLANG_ANALYZER_NUMBER_OBJECT_CONVERSION = YES_AGGRESSIVE;
				CLANG_CXX_LANGUAGE_STANDARD = "gnu++14";
				CLANG_CXX_LIBRARY = "libc++";
				CLANG_ENABLE_MODULES = YES;
				CLANG_ENABLE_OBJC_ARC = YES;
				CLANG_ENABLE_OBJC_WEAK = YES;
				CLANG_WARN_BLOCK_CAPTURE_AUTORELEASING = YES;
				CLANG_WARN_BOOL_CONVERSION = YES;
				CLANG_WARN_COMMA = YES;
				CLANG_WARN_CONSTANT_CONVERSION = YES;
				CLANG_WARN_DEPRECATED_OBJC_IMPLEMENTATIONS = YES;
				CLANG_WARN_DIRECT_OBJC_ISA_USAGE = YES_ERROR;
				CLANG_WARN_DOCUMENTATION_COMMENTS = YES;
				CLANG_WARN_EMPTY_BODY = YES;
				CLANG_WARN_ENUM_CONVERSION = YES;
				CLANG_WARN_INFINITE_RECURSION = YES;
				CLANG_WARN_INT_CONVERSION = YES;
				CLANG_WARN_NON_LITERAL_NULL_CONVERSION = YES;
				CLANG_WARN_OBJC_IMPLICIT_RETAIN_SELF = YES;
				CLANG_WARN_OBJC_LITERAL_CONVERSION = YES;
				CLANG_WARN_OBJC_ROOT_CLASS = YES_ERROR;
				CLANG_WARN_QUOTED_INCLUDE_IN_FRAMEWORK_HEADER = YES;
				CLANG_WARN_RANGE_LOOP_ANALYSIS = YES;
				CLANG_WARN_STRICT_PROTOTYPES = YES;
				CLANG_WARN_SUSPICIOUS_MOVE = YES;
				CLANG_WARN_UNGUARDED_AVAILABILITY = YES_AGGRESSIVE;
				CLANG_WARN_UNREACHABLE_CODE = YES;
				CLANG_WARN__DUPLICATE_METHOD_MATCH = YES;
				COPY_PHASE_STRIP = NO;
				DEBUG_INFORMATION_FORMAT = dwarf;
				ENABLE_STRICT_OBJC_MSGSEND = YES;
				ENABLE_TESTABILITY = YES;
				GCC_C_LANGUAGE_STANDARD = gnu11;
				GCC_DYNAMIC_NO_PIC = NO;
				GCC_NO_COMMON_BLOCKS = YES;
				GCC_OPTIMIZATION_LEVEL = 0;
				GCC_PREPROCESSOR_DEFINITIONS = (
					"DEBUG=1",
					"$(inherited)",
				);
				GCC_WARN_64_TO_32_BIT_CONVERSION = YES;
				GCC_WARN_ABOUT_RETURN_TYPE = YES_ERROR;
				GCC_WARN_UNDECLARED_SELECTOR = YES;
				GCC_WARN_UNINITIALIZED_AUTOS = YES_AGGRESSIVE;
				GCC_WARN_UNUSED_FUNCTION = YES;
				GCC_WARN_UNUSED_VARIABLE = YES;
				IPHONEOS_DEPLOYMENT_TARGET = 14.1;
				MTL_ENABLE_DEBUG_INFO = INCLUDE_SOURCE;
				MTL_FAST_MATH = YES;
				ONLY_ACTIVE_ARCH = YES;
				SDKROOT = iphoneos;
				SWIFT_ACTIVE_COMPILATION_CONDITIONS = DEBUG;
				SWIFT_OPTIMIZATION_LEVEL = "-Onone";
			};
			name = Debug;
		};
		BF541C3A255B8F9D00AF2D60 /* Release */ = {
			isa = XCBuildConfiguration;
			buildSettings = {
				ALWAYS_SEARCH_USER_PATHS = NO;
				CLANG_ANALYZER_NONNULL = YES;
				CLANG_ANALYZER_NUMBER_OBJECT_CONVERSION = YES_AGGRESSIVE;
				CLANG_CXX_LANGUAGE_STANDARD = "gnu++14";
				CLANG_CXX_LIBRARY = "libc++";
				CLANG_ENABLE_MODULES = YES;
				CLANG_ENABLE_OBJC_ARC = YES;
				CLANG_ENABLE_OBJC_WEAK = YES;
				CLANG_WARN_BLOCK_CAPTURE_AUTORELEASING = YES;
				CLANG_WARN_BOOL_CONVERSION = YES;
				CLANG_WARN_COMMA = YES;
				CLANG_WARN_CONSTANT_CONVERSION = YES;
				CLANG_WARN_DEPRECATED_OBJC_IMPLEMENTATIONS = YES;
				CLANG_WARN_DIRECT_OBJC_ISA_USAGE = YES_ERROR;
				CLANG_WARN_DOCUMENTATION_COMMENTS = YES;
				CLANG_WARN_EMPTY_BODY = YES;
				CLANG_WARN_ENUM_CONVERSION = YES;
				CLANG_WARN_INFINITE_RECURSION = YES;
				CLANG_WARN_INT_CONVERSION = YES;
				CLANG_WARN_NON_LITERAL_NULL_CONVERSION = YES;
				CLANG_WARN_OBJC_IMPLICIT_RETAIN_SELF = YES;
				CLANG_WARN_OBJC_LITERAL_CONVERSION = YES;
				CLANG_WARN_OBJC_ROOT_CLASS = YES_ERROR;
				CLANG_WARN_QUOTED_INCLUDE_IN_FRAMEWORK_HEADER = YES;
				CLANG_WARN_RANGE_LOOP_ANALYSIS = YES;
				CLANG_WARN_STRICT_PROTOTYPES = YES;
				CLANG_WARN_SUSPICIOUS_MOVE = YES;
				CLANG_WARN_UNGUARDED_AVAILABILITY = YES_AGGRESSIVE;
				CLANG_WARN_UNREACHABLE_CODE = YES;
				CLANG_WARN__DUPLICATE_METHOD_MATCH = YES;
				COPY_PHASE_STRIP = NO;
				DEBUG_INFORMATION_FORMAT = "dwarf-with-dsym";
				ENABLE_NS_ASSERTIONS = NO;
				ENABLE_STRICT_OBJC_MSGSEND = YES;
				GCC_C_LANGUAGE_STANDARD = gnu11;
				GCC_NO_COMMON_BLOCKS = YES;
				GCC_WARN_64_TO_32_BIT_CONVERSION = YES;
				GCC_WARN_ABOUT_RETURN_TYPE = YES_ERROR;
				GCC_WARN_UNDECLARED_SELECTOR = YES;
				GCC_WARN_UNINITIALIZED_AUTOS = YES_AGGRESSIVE;
				GCC_WARN_UNUSED_FUNCTION = YES;
				GCC_WARN_UNUSED_VARIABLE = YES;
				IPHONEOS_DEPLOYMENT_TARGET = 14.1;
				MTL_ENABLE_DEBUG_INFO = NO;
				MTL_FAST_MATH = YES;
				SDKROOT = iphoneos;
				SWIFT_COMPILATION_MODE = wholemodule;
				SWIFT_OPTIMIZATION_LEVEL = "-O";
				VALIDATE_PRODUCT = YES;
			};
			name = Release;
		};
		BF541C3C255B8F9D00AF2D60 /* Debug */ = {
			isa = XCBuildConfiguration;
			buildSettings = {
				ASSETCATALOG_COMPILER_APPICON_NAME = AppIcon;
				ASSETCATALOG_COMPILER_GLOBAL_ACCENT_COLOR_NAME = AccentColor;
				CODE_SIGN_STYLE = Automatic;
				INFOPLIST_FILE = kalkulator/Info.plist;
				LD_RUNPATH_SEARCH_PATHS = (
					"$(inherited)",
					"@executable_path/Frameworks",
				);
				PRODUCT_BUNDLE_IDENTIFIER = Ntaps.kalkulator;
				PRODUCT_NAME = "$(TARGET_NAME)";
				SWIFT_VERSION = 5.0;
				TARGETED_DEVICE_FAMILY = "1,2";
			};
			name = Debug;
		};
		BF541C3D255B8F9D00AF2D60 /* Release */ = {
			isa = XCBuildConfiguration;
			buildSettings = {
				ASSETCATALOG_COMPILER_APPICON_NAME = AppIcon;
				ASSETCATALOG_COMPILER_GLOBAL_ACCENT_COLOR_NAME = AccentColor;
				CODE_SIGN_STYLE = Automatic;
				INFOPLIST_FILE = kalkulator/Info.plist;
				LD_RUNPATH_SEARCH_PATHS = (
					"$(inherited)",
					"@executable_path/Frameworks",
				);
				PRODUCT_BUNDLE_IDENTIFIER = Ntaps.kalkulator;
				PRODUCT_NAME = "$(TARGET_NAME)";
				SWIFT_VERSION = 5.0;
				TARGETED_DEVICE_FAMILY = "1,2";
			};
			name = Release;
		};
/* End XCBuildConfiguration section */

/* Begin XCConfigurationList section */
		BF541C22255B8F9C00AF2D60 /* Build configuration list for PBXProject "kalkulator" */ = {
			isa = XCConfigurationList;
			buildConfigurations = (
				BF541C39255B8F9D00AF2D60 /* Debug */,
				BF541C3A255B8F9D00AF2D60 /* Release */,
			);
			defaultConfigurationIsVisible = 0;
			defaultConfigurationName = Release;
		};
		BF541C3B255B8F9D00AF2D60 /* Build configuration list for PBXNativeTarget "kalkulator" */ = {
			isa = XCConfigurationList;
			buildConfigurations = (
				BF541C3C255B8F9D00AF2D60 /* Debug */,
				BF541C3D255B8F9D00AF2D60 /* Release */,
			);
			defaultConfigurationIsVisible = 0;
			defaultConfigurationName = Release;
		};
/* End XCConfigurationList section */
	};
	rootObject = BF541C1F255B8F9C00AF2D60 /* Project object */;
}
